
Microsoft Visual Studio Solution File, Format Version 12.00
# Visual Studio Version 17
VisualStudioVersion = 17.5.33530.505
MinimumVisualStudioVersion = 10.0.40219.1
Project("{9A19103F-16F7-4668-BE54-9A1E7A4F7556}") = "EmailService", "EmailService\EmailService.csproj", "{D0C6C795-17A4-43BB-9DC3-32189AD9DEDC}"
EndProject
Project("{9A19103F-16F7-4668-BE54-9A1E7A4F7556}") = "ConcertTicketsMarketModel", "ConcertTicketsMarketModel\ConcertTicketsMarketModel.csproj", "{CE935A96-0220-48BF-A7B5-BD423D830041}"
EndProject
Project("{9A19103F-16F7-4668-BE54-9A1E7A4F7556}") = "SorterByCriteria", "SorterByCriteria\SorterByCriteria.csproj", "{61F97C96-2A49-4214-8D62-6EE166ED8A6A}"
EndProject
Project("{9A19103F-16F7-4668-BE54-9A1E7A4F7556}") = "ViewModels", "ViewModels\ViewModels.csproj", "{9EE8C4E0-B9CC-494B-84F7-88E58B15683E}"
EndProject
Project("{2150E333-8FDC-42A3-9474-1A3956D46DE8}") = "Services", "Services", "{1DE67855-861D-4FD9-AE9E-E761DA260749}"
EndProject
Project("{2150E333-8FDC-42A3-9474-1A3956D46DE8}") = "Models", "Models", "{EE88AB82-1940-458D-AF73-402BD635BE5D}"
EndProject
Project("{9A19103F-16F7-4668-BE54-9A1E7A4F7556}") = "BrainTreeGateway", "BrainTreeGateway\BrainTreeGateway.csproj", "{F8EC37BB-C23C-49EB-A88F-3839535AB99F}"
EndProject
Project("{9A19103F-16F7-4668-BE54-9A1E7A4F7556}") = "CQRS", "CQRS\CQRS.csproj", "{5C89C789-CAC7-4B35-9315-EF839F1D8463}"
EndProject
Project("{FAE04EC0-301F-11D3-BF4B-00C04F79EFBC}") = "ConcertTicketsMarket", "ConcertTicketsMarket\ConcertTicketsMarket.csproj", "{72B90249-F296-4EDB-A0E2-B829566A254F}"
EndProject
Global
	GlobalSection(SolutionConfigurationPlatforms) = preSolution
		Debug|Any CPU = Debug|Any CPU
		Release|Any CPU = Release|Any CPU
	EndGlobalSection
	GlobalSection(ProjectConfigurationPlatforms) = postSolution
		{D0C6C795-17A4-43BB-9DC3-32189AD9DEDC}.Debug|Any CPU.ActiveCfg = Debug|Any CPU
		{D0C6C795-17A4-43BB-9DC3-32189AD9DEDC}.Debug|Any CPU.Build.0 = Debug|Any CPU
		{D0C6C795-17A4-43BB-9DC3-32189AD9DEDC}.Release|Any CPU.ActiveCfg = Release|Any CPU
		{D0C6C795-17A4-43BB-9DC3-32189AD9DEDC}.Release|Any CPU.Build.0 = Release|Any CPU
		{CE935A96-0220-48BF-A7B5-BD423D830041}.Debug|Any CPU.ActiveCfg = Debug|Any CPU
		{CE935A96-0220-48BF-A7B5-BD423D830041}.Debug|Any CPU.Build.0 = Debug|Any CPU
		{CE935A96-0220-48BF-A7B5-BD423D830041}.Release|Any CPU.ActiveCfg = Release|Any CPU
		{CE935A96-0220-48BF-A7B5-BD423D830041}.Release|Any CPU.Build.0 = Release|Any CPU
		{61F97C96-2A49-4214-8D62-6EE166ED8A6A}.Debug|Any CPU.ActiveCfg = Debug|Any CPU
		{61F97C96-2A49-4214-8D62-6EE166ED8A6A}.Debug|Any CPU.Build.0 = Debug|Any CPU
		{61F97C96-2A49-4214-8D62-6EE166ED8A6A}.Release|Any CPU.ActiveCfg = Release|Any CPU
		{61F97C96-2A49-4214-8D62-6EE166ED8A6A}.Release|Any CPU.Build.0 = Release|Any CPU
		{9EE8C4E0-B9CC-494B-84F7-88E58B15683E}.Debug|Any CPU.ActiveCfg = Debug|Any CPU
		{9EE8C4E0-B9CC-494B-84F7-88E58B15683E}.Debug|Any CPU.Build.0 = Debug|Any CPU
		{9EE8C4E0-B9CC-494B-84F7-88E58B15683E}.Release|Any CPU.ActiveCfg = Release|Any CPU
		{9EE8C4E0-B9CC-494B-84F7-88E58B15683E}.Release|Any CPU.Build.0 = Release|Any CPU
		{F8EC37BB-C23C-49EB-A88F-3839535AB99F}.Debug|Any CPU.ActiveCfg = Debug|Any CPU
		{F8EC37BB-C23C-49EB-A88F-3839535AB99F}.Debug|Any CPU.Build.0 = Debug|Any CPU
		{F8EC37BB-C23C-49EB-A88F-3839535AB99F}.Release|Any CPU.ActiveCfg = Release|Any CPU
		{F8EC37BB-C23C-49EB-A88F-3839535AB99F}.Release|Any CPU.Build.0 = Release|Any CPU
		{5C89C789-CAC7-4B35-9315-EF839F1D8463}.Debug|Any CPU.ActiveCfg = Debug|Any CPU
		{5C89C789-CAC7-4B35-9315-EF839F1D8463}.Debug|Any CPU.Build.0 = Debug|Any CPU
		{5C89C789-CAC7-4B35-9315-EF839F1D8463}.Release|Any CPU.ActiveCfg = Release|Any CPU
		{5C89C789-CAC7-4B35-9315-EF839F1D8463}.Release|Any CPU.Build.0 = Release|Any CPU
		{72B90249-F296-4EDB-A0E2-B829566A254F}.Debug|Any CPU.ActiveCfg = Debug|Any CPU
		{72B90249-F296-4EDB-A0E2-B829566A254F}.Debug|Any CPU.Build.0 = Debug|Any CPU
		{72B90249-F296-4EDB-A0E2-B829566A254F}.Release|Any CPU.ActiveCfg = Release|Any CPU
		{72B90249-F296-4EDB-A0E2-B829566A254F}.Release|Any CPU.Build.0 = Release|Any CPU
	EndGlobalSection
	GlobalSection(SolutionProperties) = preSolution
		HideSolutionNode = FALSE
	EndGlobalSection
	GlobalSection(NestedProjects) = preSolution
		{D0C6C795-17A4-43BB-9DC3-32189AD9DEDC} = {1DE67855-861D-4FD9-AE9E-E761DA260749}
		{CE935A96-0220-48BF-A7B5-BD423D830041} = {EE88AB82-1940-458D-AF73-402BD635BE5D}
		{9EE8C4E0-B9CC-494B-84F7-88E58B15683E} = {EE88AB82-1940-458D-AF73-402BD635BE5D}
		{F8EC37BB-C23C-49EB-A88F-3839535AB99F} = {1DE67855-861D-4FD9-AE9E-E761DA260749}
	EndGlobalSection
	GlobalSection(ExtensibilityGlobals) = postSolution
		SolutionGuid = {96FF9E90-EA5A-4D56-91B3-2F0CD84654BA}
	EndGlobalSection
EndGlobal
